// !$*UTF8*$!
{
	archiveVersion = 1;
	classes = {
	};
	objectVersion = 50;
	objects = {

/* Begin PBXBuildFile section */
		30846DD32513E22600EBD712 /* AppDelegate.swift in Sources */ = {isa = PBXBuildFile; fileRef = 30846DD22513E22600EBD712 /* AppDelegate.swift */; };
		30846DD52513E22600EBD712 /* SceneDelegate.swift in Sources */ = {isa = PBXBuildFile; fileRef = 30846DD42513E22600EBD712 /* SceneDelegate.swift */; };
		30846DD72513E22600EBD712 /* ViewController.swift in Sources */ = {isa = PBXBuildFile; fileRef = 30846DD62513E22600EBD712 /* ViewController.swift */; };
		30846DDA2513E22600EBD712 /* Main.storyboard in Resources */ = {isa = PBXBuildFile; fileRef = 30846DD82513E22600EBD712 /* Main.storyboard */; };
		30846DDC2513E22600EBD712 /* Assets.xcassets in Resources */ = {isa = PBXBuildFile; fileRef = 30846DDB2513E22600EBD712 /* Assets.xcassets */; };
		30846DDF2513E22600EBD712 /* LaunchScreen.storyboard in Resources */ = {isa = PBXBuildFile; fileRef = 30846DDD2513E22600EBD712 /* LaunchScreen.storyboard */; };
		30846DEA2513E22600EBD712 /* MapKitExampleTests.swift in Sources */ = {isa = PBXBuildFile; fileRef = 30846DE92513E22600EBD712 /* MapKitExampleTests.swift */; };
		30846DF52513E22600EBD712 /* MapKitExampleUITests.swift in Sources */ = {isa = PBXBuildFile; fileRef = 30846DF42513E22600EBD712 /* MapKitExampleUITests.swift */; };
/* End PBXBuildFile section */

/* Begin PBXContainerItemProxy section */
		30846DE62513E22600EBD712 /* PBXContainerItemProxy */ = {
			isa = PBXContainerItemProxy;
			containerPortal = 30846DC72513E22600EBD712 /* Project object */;
			proxyType = 1;
			remoteGlobalIDString = 30846DCE2513E22600EBD712;
			remoteInfo = MapKitExample;
		};
		30846DF12513E22600EBD712 /* PBXContainerItemProxy */ = {
			isa = PBXContainerItemProxy;
			containerPortal = 30846DC72513E22600EBD712 /* Project object */;
			proxyType = 1;
			remoteGlobalIDString = 30846DCE2513E22600EBD712;
			remoteInfo = MapKitExample;
		};
/* End PBXContainerItemProxy section */

/* Begin PBXFileReference section */
		30846DCF2513E22600EBD712 /* MapKitExample.app */ = {isa = PBXFileReference; explicitFileType = wrapper.application; includeInIndex = 0; path = MapKitExample.app; sourceTree = BUILT_PRODUCTS_DIR; };
		30846DD22513E22600EBD712 /* AppDelegate.swift */ = {isa = PBXFileReference; lastKnownFileType = sourcecode.swift; path = AppDelegate.swift; sourceTree = "<group>"; };
		30846DD42513E22600EBD712 /* SceneDelegate.swift */ = {isa = PBXFileReference; lastKnownFileType = sourcecode.swift; path = SceneDelegate.swift; sourceTree = "<group>"; };
		30846DD62513E22600EBD712 /* ViewController.swift */ = {isa = PBXFileReference; lastKnownFileType = sourcecode.swift; path = ViewController.swift; sourceTree = "<group>"; };
		30846DD92513E22600EBD712 /* Base */ = {isa = PBXFileReference; lastKnownFileType = file.storyboard; name = Base; path = Base.lproj/Main.storyboard; sourceTree = "<group>"; };
		30846DDB2513E22600EBD712 /* Assets.xcassets */ = {isa = PBXFileReference; lastKnownFileType = folder.assetcatalog; path = Assets.xcassets; sourceTree = "<group>"; };
		30846DDE2513E22600EBD712 /* Base */ = {isa = PBXFileReference; lastKnownFileType = file.storyboard; name = Base; path = Base.lproj/LaunchScreen.storyboard; sourceTree = "<group>"; };
		30846DE02513E22600EBD712 /* Info.plist */ = {isa = PBXFileReference; lastKnownFileType = text.plist.xml; path = Info.plist; sourceTree = "<group>"; };
		30846DE52513E22600EBD712 /* MapKitExampleTests.xctest */ = {isa = PBXFileReference; explicitFileType = wrapper.cfbundle; includeInIndex = 0; path = MapKitExampleTests.xctest; sourceTree = BUILT_PRODUCTS_DIR; };
		30846DE92513E22600EBD712 /* MapKitExampleTests.swift */ = {isa = PBXFileReference; lastKnownFileType = sourcecode.swift; path = MapKitExampleTests.swift; sourceTree = "<group>"; };
		30846DEB2513E22600EBD712 /* Info.plist */ = {isa = PBXFileReference; lastKnownFileType = text.plist.xml; path = Info.plist; sourceTree = "<group>"; };
		30846DF02513E22600EBD712 /* MapKitExampleUITests.xctest */ = {isa = PBXFileReference; explicitFileType = wrapper.cfbundle; includeInIndex = 0; path = MapKitExampleUITests.xctest; sourceTree = BUILT_PRODUCTS_DIR; };
		30846DF42513E22600EBD712 /* MapKitExampleUITests.swift */ = {isa = PBXFileReference; lastKnownFileType = sourcecode.swift; path = MapKitExampleUITests.swift; sourceTree = "<group>"; };
		30846DF62513E22600EBD712 /* Info.plist */ = {isa = PBXFileReference; lastKnownFileType = text.plist.xml; path = Info.plist; sourceTree = "<group>"; };
/* End PBXFileReference section */

/* Begin PBXFrameworksBuildPhase section */
		30846DCC2513E22600EBD712 /* Frameworks */ = {
			isa = PBXFrameworksBuildPhase;
			buildActionMask = 2147483647;
			files = (
			);
			runOnlyForDeploymentPostprocessing = 0;
		};
		30846DE22513E22600EBD712 /* Frameworks */ = {
			isa = PBXFrameworksBuildPhase;
			buildActionMask = 2147483647;
			files = (
			);
			runOnlyForDeploymentPostprocessing = 0;
		};
		30846DED2513E22600EBD712 /* Frameworks */ = {
			isa = PBXFrameworksBuildPhase;
			buildActionMask = 2147483647;
			files = (
			);
			runOnlyForDeploymentPostprocessing = 0;
		};
/* End PBXFrameworksBuildPhase section */

/* Begin PBXGroup section */
		30846DC62513E22600EBD712 = {
			isa = PBXGroup;
			children = (
				30846DD12513E22600EBD712 /* MapKitExample */,
				30846DE82513E22600EBD712 /* MapKitExampleTests */,
				30846DF32513E22600EBD712 /* MapKitExampleUITests */,
				30846DD02513E22600EBD712 /* Products */,
			);
			sourceTree = "<group>";
		};
		30846DD02513E22600EBD712 /* Products */ = {
			isa = PBXGroup;
			children = (
				30846DCF2513E22600EBD712 /* MapKitExample.app */,
				30846DE52513E22600EBD712 /* MapKitExampleTests.xctest */,
				30846DF02513E22600EBD712 /* MapKitExampleUITests.xctest */,
			);
			name = Products;
			sourceTree = "<group>";
		};
		30846DD12513E22600EBD712 /* MapKitExample */ = {
			isa = PBXGroup;
			children = (
				30846DD22513E22600EBD712 /* AppDelegate.swift */,
				30846DD42513E22600EBD712 /* SceneDelegate.swift */,
				30846DD62513E22600EBD712 /* ViewController.swift */,
				30846DD82513E22600EBD712 /* Main.storyboard */,
				30846DDB2513E22600EBD712 /* Assets.xcassets */,
				30846DDD2513E22600EBD712 /* LaunchScreen.storyboard */,
				30846DE02513E22600EBD712 /* Info.plist */,
			);
			path = MapKitExample;
			sourceTree = "<group>";
		};
		30846DE82513E22600EBD712 /* MapKitExampleTests */ = {
			isa = PBXGroup;
			children = (
				30846DE92513E22600EBD712 /* MapKitExampleTests.swift */,
				30846DEB2513E22600EBD712 /* Info.plist */,
			);
			path = MapKitExampleTests;
			sourceTree = "<group>";
		};
		30846DF32513E22600EBD712 /* MapKitExampleUITests */ = {
			isa = PBXGroup;
			children = (
				30846DF42513E22600EBD712 /* MapKitExampleUITests.swift */,
				30846DF62513E22600EBD712 /* Info.plist */,
			);
			path = MapKitExampleUITests;
			sourceTree = "<group>";
		};
/* End PBXGroup section */

/* Begin PBXNativeTarget section */
		30846DCE2513E22600EBD712 /* MapKitExample */ = {
			isa = PBXNativeTarget;
			buildConfigurationList = 30846DF92513E22600EBD712 /* Build configuration list for PBXNativeTarget "MapKitExample" */;
			buildPhases = (
				30846DCB2513E22600EBD712 /* Sources */,
				30846DCC2513E22600EBD712 /* Frameworks */,
				30846DCD2513E22600EBD712 /* Resources */,
			);
			buildRules = (
			);
			dependencies = (
			);
			name = MapKitExample;
			productName = MapKitExample;
			productReference = 30846DCF2513E22600EBD712 /* MapKitExample.app */;
			productType = "com.apple.product-type.application";
		};
		30846DE42513E22600EBD712 /* MapKitExampleTests */ = {
			isa = PBXNativeTarget;
			buildConfigurationList = 30846DFC2513E22600EBD712 /* Build configuration list for PBXNativeTarget "MapKitExampleTests" */;
			buildPhases = (
				30846DE12513E22600EBD712 /* Sources */,
				30846DE22513E22600EBD712 /* Frameworks */,
				30846DE32513E22600EBD712 /* Resources */,
			);
			buildRules = (
			);
			dependencies = (
				30846DE72513E22600EBD712 /* PBXTargetDependency */,
			);
			name = MapKitExampleTests;
			productName = MapKitExampleTests;
			productReference = 30846DE52513E22600EBD712 /* MapKitExampleTests.xctest */;
			productType = "com.apple.product-type.bundle.unit-test";
		};
		30846DEF2513E22600EBD712 /* MapKitExampleUITests */ = {
			isa = PBXNativeTarget;
			buildConfigurationList = 30846DFF2513E22600EBD712 /* Build configuration list for PBXNativeTarget "MapKitExampleUITests" */;
			buildPhases = (
				30846DEC2513E22600EBD712 /* Sources */,
				30846DED2513E22600EBD712 /* Frameworks */,
				30846DEE2513E22600EBD712 /* Resources */,
			);
			buildRules = (
			);
			dependencies = (
				30846DF22513E22600EBD712 /* PBXTargetDependency */,
			);
			name = MapKitExampleUITests;
			productName = MapKitExampleUITests;
			productReference = 30846DF02513E22600EBD712 /* MapKitExampleUITests.xctest */;
			productType = "com.apple.product-type.bundle.ui-testing";
		};
/* End PBXNativeTarget section */

/* Begin PBXProject section */
		30846DC72513E22600EBD712 /* Project object */ = {
			isa = PBXProject;
			attributes = {
				LastSwiftUpdateCheck = 1140;
				LastUpgradeCheck = 1140;
				ORGANIZATIONNAME = BIM;
				TargetAttributes = {
					30846DCE2513E22600EBD712 = {
						CreatedOnToolsVersion = 11.4;
					};
					30846DE42513E22600EBD712 = {
						CreatedOnToolsVersion = 11.4;
						TestTargetID = 30846DCE2513E22600EBD712;
					};
					30846DEF2513E22600EBD712 = {
						CreatedOnToolsVersion = 11.4;
						TestTargetID = 30846DCE2513E22600EBD712;
					};
				};
			};
			buildConfigurationList = 30846DCA2513E22600EBD712 /* Build configuration list for PBXProject "MapKitExample" */;
			compatibilityVersion = "Xcode 9.3";
			developmentRegion = en;
			hasScannedForEncodings = 0;
			knownRegions = (
				en,
				Base,
			);
			mainGroup = 30846DC62513E22600EBD712;
			productRefGroup = 30846DD02513E22600EBD712 /* Products */;
			projectDirPath = "";
			projectRoot = "";
			targets = (
				30846DCE2513E22600EBD712 /* MapKitExample */,
				30846DE42513E22600EBD712 /* MapKitExampleTests */,
				30846DEF2513E22600EBD712 /* MapKitExampleUITests */,
			);
		};
/* End PBXProject section */

/* Begin PBXResourcesBuildPhase section */
		30846DCD2513E22600EBD712 /* Resources */ = {
			isa = PBXResourcesBuildPhase;
			buildActionMask = 2147483647;
			files = (
				30846DDF2513E22600EBD712 /* LaunchScreen.storyboard in Resources */,
				30846DDC2513E22600EBD712 /* Assets.xcassets in Resources */,
				30846DDA2513E22600EBD712 /* Main.storyboard in Resources */,
			);
			runOnlyForDeploymentPostprocessing = 0;
		};
		30846DE32513E22600EBD712 /* Resources */ = {
			isa = PBXResourcesBuildPhase;
			buildActionMask = 2147483647;
			files = (
			);
			runOnlyForDeploymentPostprocessing = 0;
		};
		30846DEE2513E22600EBD712 /* Resources */ = {
			isa = PBXResourcesBuildPhase;
			buildActionMask = 2147483647;
			files = (
			);
			runOnlyForDeploymentPostprocessing = 0;
		};
/* End PBXResourcesBuildPhase section */

/* Begin PBXSourcesBuildPhase section */
		30846DCB2513E22600EBD712 /* Sources */ = {
			isa = PBXSourcesBuildPhase;
			buildActionMask = 2147483647;
			files = (
				30846DD72513E22600EBD712 /* ViewController.swift in Sources */,
				30846DD32513E22600EBD712 /* AppDelegate.swift in Sources */,
				30846DD52513E22600EBD712 /* SceneDelegate.swift in Sources */,
			);
			runOnlyForDeploymentPostprocessing = 0;
		};
		30846DE12513E22600EBD712 /* Sources */ = {
			isa = PBXSourcesBuildPhase;
			buildActionMask = 2147483647;
			files = (
				30846DEA2513E22600EBD712 /* MapKitExampleTests.swift in Sources */,
			);
			runOnlyForDeploymentPostprocessing = 0;
		};
		30846DEC2513E22600EBD712 /* Sources */ = {
			isa = PBXSourcesBuildPhase;
			buildActionMask = 2147483647;
			files = (
				30846DF52513E22600EBD712 /* MapKitExampleUITests.swift in Sources */,
			);
			runOnlyForDeploymentPostprocessing = 0;
		};
/* End PBXSourcesBuildPhase section */

/* Begin PBXTargetDependency section */
		30846DE72513E22600EBD712 /* PBXTargetDependency */ = {
			isa = PBXTargetDependency;
			target = 30846DCE2513E22600EBD712 /* MapKitExample */;
			targetProxy = 30846DE62513E22600EBD712 /* PBXContainerItemProxy */;
		};
		30846DF22513E22600EBD712 /* PBXTargetDependency */ = {
			isa = PBXTargetDependency;
			target = 30846DCE2513E22600EBD712 /* MapKitExample */;
			targetProxy = 30846DF12513E22600EBD712 /* PBXContainerItemProxy */;
		};
/* End PBXTargetDependency section */

/* Begin PBXVariantGroup section */
		30846DD82513E22600EBD712 /* Main.storyboard */ = {
			isa = PBXVariantGroup;
			children = (
				30846DD92513E22600EBD712 /* Base */,
			);
			name = Main.storyboard;
			sourceTree = "<group>";
		};
		30846DDD2513E22600EBD712 /* LaunchScreen.storyboard */ = {
			isa = PBXVariantGroup;
			children = (
				30846DDE2513E22600EBD712 /* Base */,
			);
			name = LaunchScreen.storyboard;
			sourceTree = "<group>";
		};
/* End PBXVariantGroup section */

/* Begin XCBuildConfiguration section */
		30846DF72513E22600EBD712 /* Debug */ = {
			isa = XCBuildConfiguration;
			buildSettings = {
				ALWAYS_SEARCH_USER_PATHS = NO;
				CLANG_ANALYZER_NONNULL = YES;
				CLANG_ANALYZER_NUMBER_OBJECT_CONVERSION = YES_AGGRESSIVE;
				CLANG_CXX_LANGUAGE_STANDARD = "gnu++14";
				CLANG_CXX_LIBRARY = "libc++";
				CLANG_ENABLE_MODULES = YES;
				CLANG_ENABLE_OBJC_ARC = YES;
				CLANG_ENABLE_OBJC_WEAK = YES;
				CLANG_WARN_BLOCK_CAPTURE_AUTORELEASING = YES;
				CLANG_WARN_BOOL_CONVERSION = YES;
				CLANG_WARN_COMMA = YES;
				CLANG_WARN_CONSTANT_CONVERSION = YES;
				CLANG_WARN_DEPRECATED_OBJC_IMPLEMENTATIONS = YES;
				CLANG_WARN_DIRECT_OBJC_ISA_USAGE = YES_ERROR;
				CLANG_WARN_DOCUMENTATION_COMMENTS = YES;
				CLANG_WARN_EMPTY_BODY = YES;
				CLANG_WARN_ENUM_CONVERSION = YES;
				CLANG_WARN_INFINITE_RECURSION = YES;
				CLANG_WARN_INT_CONVERSION = YES;
				CLANG_WARN_NON_LITERAL_NULL_CONVERSION = YES;
				CLANG_WARN_OBJC_IMPLICIT_RETAIN_SELF = YES;
				CLANG_WARN_OBJC_LITERAL_CONVERSION = YES;
				CLANG_WARN_OBJC_ROOT_CLASS = YES_ERROR;
				CLANG_WARN_RANGE_LOOP_ANALYSIS = YES;
				CLANG_WARN_STRICT_PROTOTYPES = YES;
				CLANG_WARN_SUSPICIOUS_MOVE = YES;
				CLANG_WARN_UNGUARDED_AVAILABILITY = YES_AGGRESSIVE;
				CLANG_WARN_UNREACHABLE_CODE = YES;
				CLANG_WARN__DUPLICATE_METHOD_MATCH = YES;
				COPY_PHASE_STRIP = NO;
				DEBUG_INFORMATION_FORMAT = dwarf;
				ENABLE_STRICT_OBJC_MSGSEND = YES;
				ENABLE_TESTABILITY = YES;
				GCC_C_LANGUAGE_STANDARD = gnu11;
				GCC_DYNAMIC_NO_PIC = NO;
				GCC_NO_COMMON_BLOCKS = YES;
				GCC_OPTIMIZATION_LEVEL = 0;
				GCC_PREPROCESSOR_DEFINITIONS = (
					"DEBUG=1",
					"$(inherited)",
				);
				GCC_WARN_64_TO_32_BIT_CONVERSION = YES;
				GCC_WARN_ABOUT_RETURN_TYPE = YES_ERROR;
				GCC_WARN_UNDECLARED_SELECTOR = YES;
				GCC_WARN_UNINITIALIZED_AUTOS = YES_AGGRESSIVE;
				GCC_WARN_UNUSED_FUNCTION = YES;
				GCC_WARN_UNUSED_VARIABLE = YES;
				IPHONEOS_DEPLOYMENT_TARGET = 13.4;
				MTL_ENABLE_DEBUG_INFO = INCLUDE_SOURCE;
				MTL_FAST_MATH = YES;
				ONLY_ACTIVE_ARCH = YES;
				SDKROOT = iphoneos;
				SWIFT_ACTIVE_COMPILATION_CONDITIONS = DEBUG;
				SWIFT_OPTIMIZATION_LEVEL = "-Onone";
			};
			name = Debug;
		};
		30846DF82513E22600EBD712 /* Release */ = {
			isa = XCBuildConfiguration;
			buildSettings = {
				ALWAYS_SEARCH_USER_PATHS = NO;
				CLANG_ANALYZER_NONNULL = YES;
				CLANG_ANALYZER_NUMBER_OBJECT_CONVERSION = YES_AGGRESSIVE;
				CLANG_CXX_LANGUAGE_STANDARD = "gnu++14";
				CLANG_CXX_LIBRARY = "libc++";
				CLANG_ENABLE_MODULES = YES;
				CLANG_ENABLE_OBJC_ARC = YES;
				CLANG_ENABLE_OBJC_WEAK = YES;
				CLANG_WARN_BLOCK_CAPTURE_AUTORELEASING = YES;
				CLANG_WARN_BOOL_CONVERSION = YES;
				CLANG_WARN_COMMA = YES;
				CLANG_WARN_CONSTANT_CONVERSION = YES;
				CLANG_WARN_DEPRECATED_OBJC_IMPLEMENTATIONS = YES;
				CLANG_WARN_DIRECT_OBJC_ISA_USAGE = YES_ERROR;
				CLANG_WARN_DOCUMENTATION_COMMENTS = YES;
				CLANG_WARN_EMPTY_BODY = YES;
				CLANG_WARN_ENUM_CONVERSION = YES;
				CLANG_WARN_INFINITE_RECURSION = YES;
				CLANG_WARN_INT_CONVERSION = YES;
				CLANG_WARN_NON_LITERAL_NULL_CONVERSION = YES;
				CLANG_WARN_OBJC_IMPLICIT_RETAIN_SELF = YES;
				CLANG_WARN_OBJC_LITERAL_CONVERSION = YES;
				CLANG_WARN_OBJC_ROOT_CLASS = YES_ERROR;
				CLANG_WARN_RANGE_LOOP_ANALYSIS = YES;
				CLANG_WARN_STRICT_PROTOTYPES = YES;
				CLANG_WARN_SUSPICIOUS_MOVE = YES;
				CLANG_WARN_UNGUARDED_AVAILABILITY = YES_AGGRESSIVE;
				CLANG_WARN_UNREACHABLE_CODE = YES;
				CLANG_WARN__DUPLICATE_METHOD_MATCH = YES;
				COPY_PHASE_STRIP = NO;
				DEBUG_INFORMATION_FORMAT = "dwarf-with-dsym";
				ENABLE_NS_ASSERTIONS = NO;
				ENABLE_STRICT_OBJC_MSGSEND = YES;
				GCC_C_LANGUAGE_STANDARD = gnu11;
				GCC_NO_COMMON_BLOCKS = YES;
				GCC_WARN_64_TO_32_BIT_CONVERSION = YES;
				GCC_WARN_ABOUT_RETURN_TYPE = YES_ERROR;
				GCC_WARN_UNDECLARED_SELECTOR = YES;
				GCC_WARN_UNINITIALIZED_AUTOS = YES_AGGRESSIVE;
				GCC_WARN_UNUSED_FUNCTION = YES;
				GCC_WARN_UNUSED_VARIABLE = YES;
				IPHONEOS_DEPLOYMENT_TARGET = 13.4;
				MTL_ENABLE_DEBUG_INFO = NO;
				MTL_FAST_MATH = YES;
				SDKROOT = iphoneos;
				SWIFT_COMPILATION_MODE = wholemodule;
				SWIFT_OPTIMIZATION_LEVEL = "-O";
				VALIDATE_PRODUCT = YES;
			};
			name = Release;
		};
		30846DFA2513E22600EBD712 /* Debug */ = {
			isa = XCBuildConfiguration;
			buildSettings = {
				ASSETCATALOG_COMPILER_APPICON_NAME = AppIcon;
				CODE_SIGN_STYLE = Automatic;
				INFOPLIST_FILE = MapKitExample/Info.plist;
				LD_RUNPATH_SEARCH_PATHS = (
					"$(inherited)",
					"@executable_path/Frameworks",
				);
				PRODUCT_BUNDLE_IDENTIFIER = com.Webservice.MapKitExample;
				PRODUCT_NAME = "$(TARGET_NAME)";
				SWIFT_VERSION = 5.0;
				TARGETED_DEVICE_FAMILY = "1,2";
			};
			name = Debug;
		};
		30846DFB2513E22600EBD712 /* Release */ = {
			isa = XCBuildConfiguration;
			buildSettings = {
				ASSETCATALOG_COMPILER_APPICON_NAME = AppIcon;
				CODE_SIGN_STYLE = Automatic;
				INFOPLIST_FILE = MapKitExample/Info.plist;
				LD_RUNPATH_SEARCH_PATHS = (
					"$(inherited)",
					"@executable_path/Frameworks",
				);
				PRODUCT_BUNDLE_IDENTIFIER = com.Webservice.MapKitExample;
				PRODUCT_NAME = "$(TARGET_NAME)";
				SWIFT_VERSION = 5.0;
				TARGETED_DEVICE_FAMILY = "1,2";
			};
			name = Release;
		};
		30846DFD2513E22600EBD712 /* Debug */ = {
			isa = XCBuildConfiguration;
			buildSettings = {
				ALWAYS_EMBED_SWIFT_STANDARD_LIBRARIES = YES;
				BUNDLE_LOADER = "$(TEST_HOST)";
				CODE_SIGN_STYLE = Automatic;
				INFOPLIST_FILE = MapKitExampleTests/Info.plist;
				IPHONEOS_DEPLOYMENT_TARGET = 13.4;
				LD_RUNPATH_SEARCH_PATHS = (
					"$(inherited)",
					"@executable_path/Frameworks",
					"@loader_path/Frameworks",
				);
				PRODUCT_BUNDLE_IDENTIFIER = com.Webservice.MapKitExampleTests;
				PRODUCT_NAME = "$(TARGET_NAME)";
				SWIFT_VERSION = 5.0;
				TARGETED_DEVICE_FAMILY = "1,2";
				TEST_HOST = "$(BUILT_PRODUCTS_DIR)/MapKitExample.app/MapKitExample";
			};
			name = Debug;
		};
		30846DFE2513E22600EBD712 /* Release */ = {
			isa = XCBuildConfiguration;
			buildSettings = {
				ALWAYS_EMBED_SWIFT_STANDARD_LIBRARIES = YES;
				BUNDLE_LOADER = "$(TEST_HOST)";
				CODE_SIGN_STYLE = Automatic;
				INFOPLIST_FILE = MapKitExampleTests/Info.plist;
				IPHONEOS_DEPLOYMENT_TARGET = 13.4;
				LD_RUNPATH_SEARCH_PATHS = (
					"$(inherited)",
					"@executable_path/Frameworks",
					"@loader_path/Frameworks",
				);
				PRODUCT_BUNDLE_IDENTIFIER = com.Webservice.MapKitExampleTests;
				PRODUCT_NAME = "$(TARGET_NAME)";
				SWIFT_VERSION = 5.0;
				TARGETED_DEVICE_FAMILY = "1,2";
				TEST_HOST = "$(BUILT_PRODUCTS_DIR)/MapKitExample.app/MapKitExample";
			};
			name = Release;
		};
		30846E002513E22600EBD712 /* Debug */ = {
			isa = XCBuildConfiguration;
			buildSettings = {
				ALWAYS_EMBED_SWIFT_STANDARD_LIBRARIES = YES;
				CODE_SIGN_STYLE = Automatic;
				INFOPLIST_FILE = MapKitExampleUITests/Info.plist;
				LD_RUNPATH_SEARCH_PATHS = (
					"$(inherited)",
					"@executable_path/Frameworks",
					"@loader_path/Frameworks",
				);
				PRODUCT_BUNDLE_IDENTIFIER = com.Webservice.MapKitExampleUITests;
				PRODUCT_NAME = "$(TARGET_NAME)";
				SWIFT_VERSION = 5.0;
				TARGETED_DEVICE_FAMILY = "1,2";
				TEST_TARGET_NAME = MapKitExample;
			};
			name = Debug;
		};
		30846E012513E22600EBD712 /* Release */ = {
			isa = XCBuildConfiguration;
			buildSettings = {
				ALWAYS_EMBED_SWIFT_STANDARD_LIBRARIES = YES;
				CODE_SIGN_STYLE = Automatic;
				INFOPLIST_FILE = MapKitExampleUITests/Info.plist;
				LD_RUNPATH_SEARCH_PATHS = (
					"$(inherited)",
					"@executable_path/Frameworks",
					"@loader_path/Frameworks",
				);
				PRODUCT_BUNDLE_IDENTIFIER = com.Webservice.MapKitExampleUITests;
				PRODUCT_NAME = "$(TARGET_NAME)";
				SWIFT_VERSION = 5.0;
				TARGETED_DEVICE_FAMILY = "1,2";
				TEST_TARGET_NAME = MapKitExample;
			};
			name = Release;
		};
/* End XCBuildConfiguration section */

/* Begin XCConfigurationList section */
		30846DCA2513E22600EBD712 /* Build configuration list for PBXProject "MapKitExample" */ = {
			isa = XCConfigurationList;
			buildConfigurations = (
				30846DF72513E22600EBD712 /* Debug */,
				30846DF82513E22600EBD712 /* Release */,
			);
			defaultConfigurationIsVisible = 0;
			defaultConfigurationName = Release;
		};
		30846DF92513E22600EBD712 /* Build configuration list for PBXNativeTarget "MapKitExample" */ = {
			isa = XCConfigurationList;
			buildConfigurations = (
				30846DFA2513E22600EBD712 /* Debug */,
				30846DFB2513E22600EBD712 /* Release */,
			);
			defaultConfigurationIsVisible = 0;
			defaultConfigurationName = Release;
		};
		30846DFC2513E22600EBD712 /* Build configuration list for PBXNativeTarget "MapKitExampleTests" */ = {
			isa = XCConfigurationList;
			buildConfigurations = (
				30846DFD2513E22600EBD712 /* Debug */,
				30846DFE2513E22600EBD712 /* Release */,
			);
			defaultConfigurationIsVisible = 0;
			defaultConfigurationName = Release;
		};
		30846DFF2513E22600EBD712 /* Build configuration list for PBXNativeTarget "MapKitExampleUITests" */ = {
			isa = XCConfigurationList;
			buildConfigurations = (
				30846E002513E22600EBD712 /* Debug */,
				30846E012513E22600EBD712 /* Release */,
			);
			defaultConfigurationIsVisible = 0;
			defaultConfigurationName = Release;
		};
/* End XCConfigurationList section */
	};
	rootObject = 30846DC72513E22600EBD712 /* Project object */;
}
